
Microsoft Visual Studio Solution File, Format Version 12.00
# Visual Studio Version 17
VisualStudioVersion = 17.11.35327.3
MinimumVisualStudioVersion = 10.0.40219.1
Project("{FAE04EC0-301F-11D3-BF4B-00C04F79EFBC}") = "MineSweeper", "MineSweeper\MineSweeper.csproj", "{2AD1BFE5-6665-49D7-84AD-48A8D4909491}"
EndProject
Global
	GlobalSection(SolutionConfigurationPlatforms) = preSolution
		Debug|Any CPU = Debug|Any CPU
		Release|Any CPU = Release|Any CPU
	EndGlobalSection
	GlobalSection(ProjectConfigurationPlatforms) = postSolution
		{2AD1BFE5-6665-49D7-84AD-48A8D4909491}.Debug|Any CPU.ActiveCfg = Debug|Any CPU
		{2AD1BFE5-6665-49D7-84AD-48A8D4909491}.Debug|Any CPU.Build.0 = Debug|Any CPU
		{2AD1BFE5-6665-49D7-84AD-48A8D4909491}.Release|Any CPU.ActiveCfg = Release|Any CPU
		{2AD1BFE5-6665-49D7-84AD-48A8D4909491}.Release|Any CPU.Build.0 = Release|Any CPU
	EndGlobalSection
	GlobalSection(SolutionProperties) = preSolution
		HideSolutionNode = FALSE
	EndGlobalSection
	GlobalSection(ExtensibilityGlobals) = postSolution
		SolutionGuid = {9C3BEDC0-C11A-46DB-8845-72E8300452A2}
	EndGlobalSection
EndGlobal
